
Microsoft Visual Studio Solution File, Format Version 12.00
# Visual Studio Version 16
VisualStudioVersion = 16.0.32228.343
MinimumVisualStudioVersion = 10.0.40219.1
Project("{FAE04EC0-301F-11D3-BF4B-00C04F79EFBC}") = "CardShop", "CardShop\CardShop.csproj", "{15DA16F8-3266-4B1B-AE8A-75016BF7FB4C}"
EndProject
Global
	GlobalSection(SolutionConfigurationPlatforms) = preSolution
		Debug|Any CPU = Debug|Any CPU
		Release|Any CPU = Release|Any CPU
	EndGlobalSection
	GlobalSection(ProjectConfigurationPlatforms) = postSolution
		{15DA16F8-3266-4B1B-AE8A-75016BF7FB4C}.Debug|Any CPU.ActiveCfg = Debug|Any CPU
		{15DA16F8-3266-4B1B-AE8A-75016BF7FB4C}.Debug|Any CPU.Build.0 = Debug|Any CPU
		{15DA16F8-3266-4B1B-AE8A-75016BF7FB4C}.Release|Any CPU.ActiveCfg = Release|Any CPU
		{15DA16F8-3266-4B1B-AE8A-75016BF7FB4C}.Release|Any CPU.Build.0 = Release|Any CPU
	EndGlobalSection
	GlobalSection(SolutionProperties) = preSolution
		HideSolutionNode = FALSE
	EndGlobalSection
	GlobalSection(ExtensibilityGlobals) = postSolution
		SolutionGuid = {24A56222-9949-49FF-9EA2-8100122BF5E7}
	EndGlobalSection
EndGlobal
